
Microsoft Visual Studio Solution File, Format Version 12.00
# Visual Studio Version 17
VisualStudioVersion = 17.5.002.0
MinimumVisualStudioVersion = 10.0.40219.1
Project("{9A19103F-16F7-4668-BE54-9A1E7A4F7556}") = "GerenciamentoBiblioteca", "GerenciamentoBiblioteca.csproj", "{44D1FB2B-6BA0-47D9-810F-08A73C24BE59}"
EndProject
Global
	GlobalSection(SolutionConfigurationPlatforms) = preSolution
		Debug|Any CPU = Debug|Any CPU
		Release|Any CPU = Release|Any CPU
	EndGlobalSection
	GlobalSection(ProjectConfigurationPlatforms) = postSolution
		{44D1FB2B-6BA0-47D9-810F-08A73C24BE59}.Debug|Any CPU.ActiveCfg = Debug|Any CPU
		{44D1FB2B-6BA0-47D9-810F-08A73C24BE59}.Debug|Any CPU.Build.0 = Debug|Any CPU
		{44D1FB2B-6BA0-47D9-810F-08A73C24BE59}.Release|Any CPU.ActiveCfg = Release|Any CPU
		{44D1FB2B-6BA0-47D9-810F-08A73C24BE59}.Release|Any CPU.Build.0 = Release|Any CPU
	EndGlobalSection
	GlobalSection(SolutionProperties) = preSolution
		HideSolutionNode = FALSE
	EndGlobalSection
	GlobalSection(ExtensibilityGlobals) = postSolution
		SolutionGuid = {9F8998A5-8F74-45B8-9AF5-D87FDAE9B79B}
	EndGlobalSection
EndGlobal
